Microsoft Visual Studio Solution File, Format Version 12.00
# Visual Studio Version 17
VisualStudioVersion = 17.5.2.0
MinimumVisualStudioVersion = 10.0.40219.1
Project("{FAE04EC0-301F-11D3-BF4B-00C04F79EFBC}") = "booking_engine", "booking_engine.csproj", "{974D6E04-214F-B5BD-C1D9-A6034B53F2AE}"
EndProject
Global
	GlobalSection(SolutionConfigurationPlatforms) = preSolution
		Debug|Any CPU = Debug|Any CPU
		Release|Any CPU = Release|Any CPU
	EndGlobalSection
	GlobalSection(ProjectConfigurationPlatforms) = postSolution
		{974D6E04-214F-B5BD-C1D9-A6034B53F2AE}.Debug|Any CPU.ActiveCfg = Debug|Any CPU
		{974D6E04-214F-B5BD-C1D9-A6034B53F2AE}.Debug|Any CPU.Build.0 = Debug|Any CPU
		{974D6E04-214F-B5BD-C1D9-A6034B53F2AE}.Release|Any CPU.ActiveCfg = Release|Any CPU
		{974D6E04-214F-B5BD-C1D9-A6034B53F2AE}.Release|Any CPU.Build.0 = Release|Any CPU
	EndGlobalSection
	GlobalSection(SolutionProperties) = preSolution
		HideSolutionNode = FALSE
	EndGlobalSection
	GlobalSection(ExtensibilityGlobals) = postSolution
		SolutionGuid = {1663B4F7-D7ED-48F6-AB3E-4335BE272A29}
	EndGlobalSection
EndGlobal
